// !$*UTF8*$!
{
	archiveVersion = 1;
	classes = {
	};
	objectVersion = 46;
	objects = {

/* Begin PBXBuildFile section */
		057E54B71B31E87A0041F86B /* main.m in Sources */ = {isa = PBXBuildFile; fileRef = 057E54B61B31E87A0041F86B /* main.m */; };
		057E54BA1B31E87A0041F86B /* HTAppDelegate.m in Sources */ = {isa = PBXBuildFile; fileRef = 057E54B91B31E87A0041F86B /* HTAppDelegate.m */; };
		057E54C21B31E87A0041F86B /* Assets.xcassets in Resources */ = {isa = PBXBuildFile; fileRef = 057E54C11B31E87A0041F86B /* Assets.xcassets */; };
		057E54C51B31E87A0041F86B /* LaunchScreen.storyboard in Resources */ = {isa = PBXBuildFile; fileRef = 057E54C31B31E87A0041F86B /* LaunchScreen.storyboard */; };
		057E54CE1B31EA1C0041F86B /* HTHotelsViewController.m in Sources */ = {isa = PBXBuildFile; fileRef = 057E54CD1B31EA1C0041F86B /* HTHotelsViewController.m */; };
		057E54D11B31EB0B0041F86B /* HTCitiesViewController.m in Sources */ = {isa = PBXBuildFile; fileRef = 057E54D01B31EB0B0041F86B /* HTCitiesViewController.m */; };
		057E54D41B31F3CE0041F86B /* HTUserActivityManager.m in Sources */ = {isa = PBXBuildFile; fileRef = 057E54D31B31F3CE0041F86B /* HTUserActivityManager.m */; };
		057E54D61B31F5CE0041F86B /* CoreSpotlight.framework in Frameworks */ = {isa = PBXBuildFile; fileRef = 057E54D51B31F5CE0041F86B /* CoreSpotlight.framework */; };
		057E54D81B31F5EB0041F86B /* MobileCoreServices.framework in Frameworks */ = {isa = PBXBuildFile; fileRef = 057E54D71B31F5EB0041F86B /* MobileCoreServices.framework */; };
/* End PBXBuildFile section */

/* Begin PBXFileReference section */
		057E54B21B31E87A0041F86B /* SampleNSUserActivityApp.app */ = {isa = PBXFileReference; explicitFileType = wrapper.application; includeInIndex = 0; path = SampleNSUserActivityApp.app; sourceTree = BUILT_PRODUCTS_DIR; };
		057E54B61B31E87A0041F86B /* main.m */ = {isa = PBXFileReference; lastKnownFileType = sourcecode.c.objc; path = main.m; sourceTree = "<group>"; };
		057E54B81B31E87A0041F86B /* HTAppDelegate.h */ = {isa = PBXFileReference; lastKnownFileType = sourcecode.c.h; path = HTAppDelegate.h; sourceTree = "<group>"; };
		057E54B91B31E87A0041F86B /* HTAppDelegate.m */ = {isa = PBXFileReference; lastKnownFileType = sourcecode.c.objc; path = HTAppDelegate.m; sourceTree = "<group>"; };
		057E54C11B31E87A0041F86B /* Assets.xcassets */ = {isa = PBXFileReference; lastKnownFileType = folder.assetcatalog; path = Assets.xcassets; sourceTree = "<group>"; };
		057E54C41B31E87A0041F86B /* Base */ = {isa = PBXFileReference; lastKnownFileType = file.storyboard; name = Base; path = Base.lproj/LaunchScreen.storyboard; sourceTree = "<group>"; };
		057E54C61B31E87A0041F86B /* Info.plist */ = {isa = PBXFileReference; lastKnownFileType = text.plist.xml; path = Info.plist; sourceTree = "<group>"; };
		057E54CC1B31EA1C0041F86B /* HTHotelsViewController.h */ = {isa = PBXFileReference; fileEncoding = 4; lastKnownFileType = sourcecode.c.h; path = HTHotelsViewController.h; sourceTree = "<group>"; };
		057E54CD1B31EA1C0041F86B /* HTHotelsViewController.m */ = {isa = PBXFileReference; fileEncoding = 4; lastKnownFileType = sourcecode.c.objc; path = HTHotelsViewController.m; sourceTree = "<group>"; };
		057E54CF1B31EB0B0041F86B /* HTCitiesViewController.h */ = {isa = PBXFileReference; fileEncoding = 4; lastKnownFileType = sourcecode.c.h; path = HTCitiesViewController.h; sourceTree = "<group>"; };
		057E54D01B31EB0B0041F86B /* HTCitiesViewController.m */ = {isa = PBXFileReference; fileEncoding = 4; lastKnownFileType = sourcecode.c.objc; path = HTCitiesViewController.m; sourceTree = "<group>"; };
		057E54D21B31F3CE0041F86B /* HTUserActivityManager.h */ = {isa = PBXFileReference; fileEncoding = 4; lastKnownFileType = sourcecode.c.h; path = HTUserActivityManager.h; sourceTree = "<group>"; };
		057E54D31B31F3CE0041F86B /* HTUserActivityManager.m */ = {isa = PBXFileReference; fileEncoding = 4; lastKnownFileType = sourcecode.c.objc; path = HTUserActivityManager.m; sourceTree = "<group>"; };
		057E54D51B31F5CE0041F86B /* CoreSpotlight.framework */ = {isa = PBXFileReference; lastKnownFileType = wrapper.framework; name = CoreSpotlight.framework; path = System/Library/Frameworks/CoreSpotlight.framework; sourceTree = SDKROOT; };
		057E54D71B31F5EB0041F86B /* MobileCoreServices.framework */ = {isa = PBXFileReference; lastKnownFileType = wrapper.framework; name = MobileCoreServices.framework; path = System/Library/Frameworks/MobileCoreServices.framework; sourceTree = SDKROOT; };
/* End PBXFileReference section */

/* Begin PBXFrameworksBuildPhase section */
		057E54AF1B31E87A0041F86B /* Frameworks */ = {
			isa = PBXFrameworksBuildPhase;
			buildActionMask = 2147483647;
			files = (
				057E54D81B31F5EB0041F86B /* MobileCoreServices.framework in Frameworks */,
				057E54D61B31F5CE0041F86B /* CoreSpotlight.framework in Frameworks */,
			);
			runOnlyForDeploymentPostprocessing = 0;
		};
/* End PBXFrameworksBuildPhase section */

/* Begin PBXGroup section */
		057E54A91B31E87A0041F86B = {
			isa = PBXGroup;
			children = (
				057E54D71B31F5EB0041F86B /* MobileCoreServices.framework */,
				057E54D51B31F5CE0041F86B /* CoreSpotlight.framework */,
				057E54B41B31E87A0041F86B /* SampleNSUserActivityApp */,
				057E54B31B31E87A0041F86B /* Products */,
			);
			sourceTree = "<group>";
		};
		057E54B31B31E87A0041F86B /* Products */ = {
			isa = PBXGroup;
			children = (
				057E54B21B31E87A0041F86B /* SampleNSUserActivityApp.app */,
			);
			name = Products;
			sourceTree = "<group>";
		};
		057E54B41B31E87A0041F86B /* SampleNSUserActivityApp */ = {
			isa = PBXGroup;
			children = (
				057E54B81B31E87A0041F86B /* HTAppDelegate.h */,
				057E54B91B31E87A0041F86B /* HTAppDelegate.m */,
				057E54C11B31E87A0041F86B /* Assets.xcassets */,
				057E54C31B31E87A0041F86B /* LaunchScreen.storyboard */,
				057E54C61B31E87A0041F86B /* Info.plist */,
				057E54B51B31E87A0041F86B /* Supporting Files */,
				057E54CC1B31EA1C0041F86B /* HTHotelsViewController.h */,
				057E54CD1B31EA1C0041F86B /* HTHotelsViewController.m */,
				057E54CF1B31EB0B0041F86B /* HTCitiesViewController.h */,
				057E54D01B31EB0B0041F86B /* HTCitiesViewController.m */,
				057E54D21B31F3CE0041F86B /* HTUserActivityManager.h */,
				057E54D31B31F3CE0041F86B /* HTUserActivityManager.m */,
			);
			path = SampleNSUserActivityApp;
			sourceTree = "<group>";
		};
		057E54B51B31E87A0041F86B /* Supporting Files */ = {
			isa = PBXGroup;
			children = (
				057E54B61B31E87A0041F86B /* main.m */,
			);
			name = "Supporting Files";
			sourceTree = "<group>";
		};
/* End PBXGroup section */

/* Begin PBXNativeTarget section */
		057E54B11B31E87A0041F86B /* SampleNSUserActivityApp */ = {
			isa = PBXNativeTarget;
			buildConfigurationList = 057E54C91B31E87A0041F86B /* Build configuration list for PBXNativeTarget "SampleNSUserActivityApp" */;
			buildPhases = (
				057E54AE1B31E87A0041F86B /* Sources */,
				057E54AF1B31E87A0041F86B /* Frameworks */,
				057E54B01B31E87A0041F86B /* Resources */,
			);
			buildRules = (
			);
			dependencies = (
			);
			name = SampleNSUserActivityApp;
			productName = SampleNSUserActivityApp;
			productReference = 057E54B21B31E87A0041F86B /* SampleNSUserActivityApp.app */;
			productType = "com.apple.product-type.application";
		};
/* End PBXNativeTarget section */

/* Begin PBXProject section */
		057E54AA1B31E87A0041F86B /* Project object */ = {
			isa = PBXProject;
			attributes = {
				CLASSPREFIX = HT;
				LastUpgradeCheck = 0700;
				ORGANIZATIONNAME = HotelTonight;
				TargetAttributes = {
					057E54B11B31E87A0041F86B = {
						CreatedOnToolsVersion = 7.0;
					};
				};
			};
			buildConfigurationList = 057E54AD1B31E87A0041F86B /* Build configuration list for PBXProject "SampleNSUserActivityApp" */;
			compatibilityVersion = "Xcode 3.2";
			developmentRegion = English;
			hasScannedForEncodings = 0;
			knownRegions = (
				en,
				Base,
			);
			mainGroup = 057E54A91B31E87A0041F86B;
			productRefGroup = 057E54B31B31E87A0041F86B /* Products */;
			projectDirPath = "";
			projectRoot = "";
			targets = (
				057E54B11B31E87A0041F86B /* SampleNSUserActivityApp */,
			);
		};
/* End PBXProject section */

/* Begin PBXResourcesBuildPhase section */
		057E54B01B31E87A0041F86B /* Resources */ = {
			isa = PBXResourcesBuildPhase;
			buildActionMask = 2147483647;
			files = (
				057E54C51B31E87A0041F86B /* LaunchScreen.storyboard in Resources */,
				057E54C21B31E87A0041F86B /* Assets.xcassets in Resources */,
			);
			runOnlyForDeploymentPostprocessing = 0;
		};
/* End PBXResourcesBuildPhase section */

/* Begin PBXSourcesBuildPhase section */
		057E54AE1B31E87A0041F86B /* Sources */ = {
			isa = PBXSourcesBuildPhase;
			buildActionMask = 2147483647;
			files = (
				057E54BA1B31E87A0041F86B /* HTAppDelegate.m in Sources */,
				057E54B71B31E87A0041F86B /* main.m in Sources */,
				057E54CE1B31EA1C0041F86B /* HTHotelsViewController.m in Sources */,
				057E54D11B31EB0B0041F86B /* HTCitiesViewController.m in Sources */,
				057E54D41B31F3CE0041F86B /* HTUserActivityManager.m in Sources */,
			);
			runOnlyForDeploymentPostprocessing = 0;
		};
/* End PBXSourcesBuildPhase section */

/* Begin PBXVariantGroup section */
		057E54C31B31E87A0041F86B /* LaunchScreen.storyboard */ = {
			isa = PBXVariantGroup;
			children = (
				057E54C41B31E87A0041F86B /* Base */,
			);
			name = LaunchScreen.storyboard;
			sourceTree = "<group>";
		};
/* End PBXVariantGroup section */

/* Begin XCBuildConfiguration section */
		057E54C71B31E87A0041F86B /* Debug */ = {
			isa = XCBuildConfiguration;
			buildSettings = {
				ALWAYS_SEARCH_USER_PATHS = NO;
				CLANG_CXX_LANGUAGE_STANDARD = "gnu++0x";
				CLANG_CXX_LIBRARY = "libc++";
				CLANG_ENABLE_MODULES = YES;
				CLANG_ENABLE_OBJC_ARC = YES;
				CLANG_WARN_BOOL_CONVERSION = YES;
				CLANG_WARN_CONSTANT_CONVERSION = YES;
				CLANG_WARN_DIRECT_OBJC_ISA_USAGE = YES_ERROR;
				CLANG_WARN_EMPTY_BODY = YES;
				CLANG_WARN_ENUM_CONVERSION = YES;
				CLANG_WARN_INT_CONVERSION = YES;
				CLANG_WARN_OBJC_ROOT_CLASS = YES_ERROR;
				CLANG_WARN_UNREACHABLE_CODE = YES;
				CLANG_WARN__DUPLICATE_METHOD_MATCH = YES;
				"CODE_SIGN_IDENTITY[sdk=iphoneos*]" = "iPhone Developer";
				COPY_PHASE_STRIP = NO;
				DEBUG_INFORMATION_FORMAT = dwarf;
				ENABLE_STRICT_OBJC_MSGSEND = YES;
				ENABLE_TESTABILITY = YES;
				GCC_C_LANGUAGE_STANDARD = gnu99;
				GCC_DYNAMIC_NO_PIC = NO;
				GCC_NO_COMMON_BLOCKS = YES;
				GCC_OPTIMIZATION_LEVEL = 0;
				GCC_PREPROCESSOR_DEFINITIONS = (
					"DEBUG=1",
					"$(inherited)",
				);
				GCC_WARN_64_TO_32_BIT_CONVERSION = YES;
				GCC_WARN_ABOUT_RETURN_TYPE = YES_ERROR;
				GCC_WARN_UNDECLARED_SELECTOR = YES;
				GCC_WARN_UNINITIALIZED_AUTOS = YES_AGGRESSIVE;
				GCC_WARN_UNUSED_FUNCTION = YES;
				GCC_WARN_UNUSED_VARIABLE = YES;
				IPHONEOS_DEPLOYMENT_TARGET = 9.0;
				MTL_ENABLE_DEBUG_INFO = YES;
				ONLY_ACTIVE_ARCH = YES;
				SDKROOT = iphoneos;
			};
			name = Debug;
		};
		057E54C81B31E87A0041F86B /* Release */ = {
			isa = XCBuildConfiguration;
			buildSettings = {
				ALWAYS_SEARCH_USER_PATHS = NO;
				CLANG_CXX_LANGUAGE_STANDARD = "gnu++0x";
				CLANG_CXX_LIBRARY = "libc++";
				CLANG_ENABLE_MODULES = YES;
				CLANG_ENABLE_OBJC_ARC = YES;
				CLANG_WARN_BOOL_CONVERSION = YES;
				CLANG_WARN_CONSTANT_CONVERSION = YES;
				CLANG_WARN_DIRECT_OBJC_ISA_USAGE = YES_ERROR;
				CLANG_WARN_EMPTY_BODY = YES;
				CLANG_WARN_ENUM_CONVERSION = YES;
				CLANG_WARN_INT_CONVERSION = YES;
				CLANG_WARN_OBJC_ROOT_CLASS = YES_ERROR;
				CLANG_WARN_UNREACHABLE_CODE = YES;
				CLANG_WARN__DUPLICATE_METHOD_MATCH = YES;
				"CODE_SIGN_IDENTITY[sdk=iphoneos*]" = "iPhone Developer";
				COPY_PHASE_STRIP = NO;
				DEBUG_INFORMATION_FORMAT = "dwarf-with-dsym";
				ENABLE_NS_ASSERTIONS = NO;
				ENABLE_STRICT_OBJC_MSGSEND = YES;
				GCC_C_LANGUAGE_STANDARD = gnu99;
				GCC_NO_COMMON_BLOCKS = YES;
				GCC_WARN_64_TO_32_BIT_CONVERSION = YES;
				GCC_WARN_ABOUT_RETURN_TYPE = YES_ERROR;
				GCC_WARN_UNDECLARED_SELECTOR = YES;
				GCC_WARN_UNINITIALIZED_AUTOS = YES_AGGRESSIVE;
				GCC_WARN_UNUSED_FUNCTION = YES;
				GCC_WARN_UNUSED_VARIABLE = YES;
				IPHONEOS_DEPLOYMENT_TARGET = 9.0;
				MTL_ENABLE_DEBUG_INFO = NO;
				SDKROOT = iphoneos;
				VALIDATE_PRODUCT = YES;
			};
			name = Release;
		};
		057E54CA1B31E87A0041F86B /* Debug */ = {
			isa = XCBuildConfiguration;
			buildSettings = {
				ASSETCATALOG_COMPILER_APPICON_NAME = AppIcon;
				INFOPLIST_FILE = SampleNSUserActivityApp/Info.plist;
				LD_RUNPATH_SEARCH_PATHS = "$(inherited) @executable_path/Frameworks";
				PRODUCT_BUNDLE_IDENTIFIER = com.hoteltonight.SampleNSUserActivityApp;
				PRODUCT_NAME = "$(TARGET_NAME)";
			};
			name = Debug;
		};
		057E54CB1B31E87A0041F86B /* Release */ = {
			isa = XCBuildConfiguration;
			buildSettings = {
				ASSETCATALOG_COMPILER_APPICON_NAME = AppIcon;
				INFOPLIST_FILE = SampleNSUserActivityApp/Info.plist;
				LD_RUNPATH_SEARCH_PATHS = "$(inherited) @executable_path/Frameworks";
				PRODUCT_BUNDLE_IDENTIFIER = com.hoteltonight.SampleNSUserActivityApp;
				PRODUCT_NAME = "$(TARGET_NAME)";
			};
			name = Release;
		};
/* End XCBuildConfiguration section */

/* Begin XCConfigurationList section */
		057E54AD1B31E87A0041F86B /* Build configuration list for PBXProject "SampleNSUserActivityApp" */ = {
			isa = XCConfigurationList;
			buildConfigurations = (
				057E54C71B31E87A0041F86B /* Debug */,
				057E54C81B31E87A0041F86B /* Release */,
			);
			defaultConfigurationIsVisible = 0;
			defaultConfigurationName = Release;
		};
		057E54C91B31E87A0041F86B /* Build configuration list for PBXNativeTarget "SampleNSUserActivityApp" */ = {
			isa = XCConfigurationList;
			buildConfigurations = (
				057E54CA1B31E87A0041F86B /* Debug */,
				057E54CB1B31E87A0041F86B /* Release */,
			);
			defaultConfigurationIsVisible = 0;
		};
/* End XCConfigurationList section */
	};
	rootObject = 057E54AA1B31E87A0041F86B /* Project object */;
}
